// !$*UTF8*$!
{
	archiveVersion = 1;
	classes = {
	};
	objectVersion = 46;
	objects = {

/* Begin PBXBuildFile section */
		8BF785F019F461D7006B4492 /* AppDelegate.swift in Sources */ = {isa = PBXBuildFile; fileRef = 8BF785EF19F461D7006B4492 /* AppDelegate.swift */; };
		8BF785F219F461D7006B4492 /* ViewController.swift in Sources */ = {isa = PBXBuildFile; fileRef = 8BF785F119F461D7006B4492 /* ViewController.swift */; };
		8BF785F519F461D7006B4492 /* Main.storyboard in Resources */ = {isa = PBXBuildFile; fileRef = 8BF785F319F461D7006B4492 /* Main.storyboard */; };
		8BF785F719F461D7006B4492 /* Images.xcassets in Resources */ = {isa = PBXBuildFile; fileRef = 8BF785F619F461D7006B4492 /* Images.xcassets */; };
		8BF785FA19F461D7006B4492 /* LaunchScreen.xib in Resources */ = {isa = PBXBuildFile; fileRef = 8BF785F819F461D7006B4492 /* LaunchScreen.xib */; };
		8BF7860619F461D7006B4492 /* YouOweMeTests.swift in Sources */ = {isa = PBXBuildFile; fileRef = 8BF7860519F461D7006B4492 /* YouOweMeTests.swift */; };
		8BF7861019F48A1B006B4492 /* wallhaven-8987.jpg in Resources */ = {isa = PBXBuildFile; fileRef = 8BF7860F19F48A1B006B4492 /* wallhaven-8987.jpg */; };
/* End PBXBuildFile section */

/* Begin PBXContainerItemProxy section */
		8BF7860019F461D7006B4492 /* PBXContainerItemProxy */ = {
			isa = PBXContainerItemProxy;
			containerPortal = 8BF785E219F461D7006B4492 /* Project object */;
			proxyType = 1;
			remoteGlobalIDString = 8BF785E919F461D7006B4492;
			remoteInfo = YouOweMe;
		};
/* End PBXContainerItemProxy section */

/* Begin PBXFileReference section */
		8BF785EA19F461D7006B4492 /* YouOweMe.app */ = {isa = PBXFileReference; explicitFileType = wrapper.application; includeInIndex = 0; path = YouOweMe.app; sourceTree = BUILT_PRODUCTS_DIR; };
		8BF785EE19F461D7006B4492 /* Info.plist */ = {isa = PBXFileReference; lastKnownFileType = text.plist.xml; path = Info.plist; sourceTree = "<group>"; };
		8BF785EF19F461D7006B4492 /* AppDelegate.swift */ = {isa = PBXFileReference; lastKnownFileType = sourcecode.swift; path = AppDelegate.swift; sourceTree = "<group>"; };
		8BF785F119F461D7006B4492 /* ViewController.swift */ = {isa = PBXFileReference; lastKnownFileType = sourcecode.swift; path = ViewController.swift; sourceTree = "<group>"; };
		8BF785F419F461D7006B4492 /* Base */ = {isa = PBXFileReference; lastKnownFileType = file.storyboard; name = Base; path = Base.lproj/Main.storyboard; sourceTree = "<group>"; };
		8BF785F619F461D7006B4492 /* Images.xcassets */ = {isa = PBXFileReference; lastKnownFileType = folder.assetcatalog; path = Images.xcassets; sourceTree = "<group>"; };
		8BF785F919F461D7006B4492 /* Base */ = {isa = PBXFileReference; lastKnownFileType = file.xib; name = Base; path = Base.lproj/LaunchScreen.xib; sourceTree = "<group>"; };
		8BF785FF19F461D7006B4492 /* YouOweMeTests.xctest */ = {isa = PBXFileReference; explicitFileType = wrapper.cfbundle; includeInIndex = 0; path = YouOweMeTests.xctest; sourceTree = BUILT_PRODUCTS_DIR; };
		8BF7860419F461D7006B4492 /* Info.plist */ = {isa = PBXFileReference; lastKnownFileType = text.plist.xml; path = Info.plist; sourceTree = "<group>"; };
		8BF7860519F461D7006B4492 /* YouOweMeTests.swift */ = {isa = PBXFileReference; lastKnownFileType = sourcecode.swift; path = YouOweMeTests.swift; sourceTree = "<group>"; };
		8BF7860F19F48A1B006B4492 /* wallhaven-8987.jpg */ = {isa = PBXFileReference; lastKnownFileType = image.jpeg; path = "wallhaven-8987.jpg"; sourceTree = "<group>"; };
/* End PBXFileReference section */

/* Begin PBXFrameworksBuildPhase section */
		8BF785E719F461D7006B4492 /* Frameworks */ = {
			isa = PBXFrameworksBuildPhase;
			buildActionMask = 2147483647;
			files = (
			);
			runOnlyForDeploymentPostprocessing = 0;
		};
		8BF785FC19F461D7006B4492 /* Frameworks */ = {
			isa = PBXFrameworksBuildPhase;
			buildActionMask = 2147483647;
			files = (
			);
			runOnlyForDeploymentPostprocessing = 0;
		};
/* End PBXFrameworksBuildPhase section */

/* Begin PBXGroup section */
		8BF785E119F461D7006B4492 = {
			isa = PBXGroup;
			children = (
				8BF785EC19F461D7006B4492 /* YouOweMe */,
				8BF7860219F461D7006B4492 /* YouOweMeTests */,
				8BF785EB19F461D7006B4492 /* Products */,
			);
			sourceTree = "<group>";
		};
		8BF785EB19F461D7006B4492 /* Products */ = {
			isa = PBXGroup;
			children = (
				8BF785EA19F461D7006B4492 /* YouOweMe.app */,
				8BF785FF19F461D7006B4492 /* YouOweMeTests.xctest */,
			);
			name = Products;
			sourceTree = "<group>";
		};
		8BF785EC19F461D7006B4492 /* YouOweMe */ = {
			isa = PBXGroup;
			children = (
				8BF7860F19F48A1B006B4492 /* wallhaven-8987.jpg */,
				8BF785EF19F461D7006B4492 /* AppDelegate.swift */,
				8BF785F119F461D7006B4492 /* ViewController.swift */,
				8BF785F319F461D7006B4492 /* Main.storyboard */,
				8BF785F619F461D7006B4492 /* Images.xcassets */,
				8BF785F819F461D7006B4492 /* LaunchScreen.xib */,
				8BF785ED19F461D7006B4492 /* Supporting Files */,
			);
			path = YouOweMe;
			sourceTree = "<group>";
		};
		8BF785ED19F461D7006B4492 /* Supporting Files */ = {
			isa = PBXGroup;
			children = (
				8BF785EE19F461D7006B4492 /* Info.plist */,
			);
			name = "Supporting Files";
			sourceTree = "<group>";
		};
		8BF7860219F461D7006B4492 /* YouOweMeTests */ = {
			isa = PBXGroup;
			children = (
				8BF7860519F461D7006B4492 /* YouOweMeTests.swift */,
				8BF7860319F461D7006B4492 /* Supporting Files */,
			);
			path = YouOweMeTests;
			sourceTree = "<group>";
		};
		8BF7860319F461D7006B4492 /* Supporting Files */ = {
			isa = PBXGroup;
			children = (
				8BF7860419F461D7006B4492 /* Info.plist */,
			);
			name = "Supporting Files";
			sourceTree = "<group>";
		};
/* End PBXGroup section */

/* Begin PBXNativeTarget section */
		8BF785E919F461D7006B4492 /* YouOweMe */ = {
			isa = PBXNativeTarget;
			buildConfigurationList = 8BF7860919F461D7006B4492 /* Build configuration list for PBXNativeTarget "YouOweMe" */;
			buildPhases = (
				8BF785E619F461D7006B4492 /* Sources */,
				8BF785E719F461D7006B4492 /* Frameworks */,
				8BF785E819F461D7006B4492 /* Resources */,
			);
			buildRules = (
			);
			dependencies = (
			);
			name = YouOweMe;
			productName = YouOweMe;
			productReference = 8BF785EA19F461D7006B4492 /* YouOweMe.app */;
			productType = "com.apple.product-type.application";
		};
		8BF785FE19F461D7006B4492 /* YouOweMeTests */ = {
			isa = PBXNativeTarget;
			buildConfigurationList = 8BF7860C19F461D7006B4492 /* Build configuration list for PBXNativeTarget "YouOweMeTests" */;
			buildPhases = (
				8BF785FB19F461D7006B4492 /* Sources */,
				8BF785FC19F461D7006B4492 /* Frameworks */,
				8BF785FD19F461D7006B4492 /* Resources */,
			);
			buildRules = (
			);
			dependencies = (
				8BF7860119F461D7006B4492 /* PBXTargetDependency */,
			);
			name = YouOweMeTests;
			productName = YouOweMeTests;
			productReference = 8BF785FF19F461D7006B4492 /* YouOweMeTests.xctest */;
			productType = "com.apple.product-type.bundle.unit-test";
		};
/* End PBXNativeTarget section */

/* Begin PBXProject section */
		8BF785E219F461D7006B4492 /* Project object */ = {
			isa = PBXProject;
			attributes = {
				LastUpgradeCheck = 0600;
				ORGANIZATIONNAME = Monster;
				TargetAttributes = {
					8BF785E919F461D7006B4492 = {
						CreatedOnToolsVersion = 6.0.1;
					};
					8BF785FE19F461D7006B4492 = {
						CreatedOnToolsVersion = 6.0.1;
						TestTargetID = 8BF785E919F461D7006B4492;
					};
				};
			};
			buildConfigurationList = 8BF785E519F461D7006B4492 /* Build configuration list for PBXProject "YouOweMe" */;
			compatibilityVersion = "Xcode 3.2";
			developmentRegion = English;
			hasScannedForEncodings = 0;
			knownRegions = (
				en,
				Base,
			);
			mainGroup = 8BF785E119F461D7006B4492;
			productRefGroup = 8BF785EB19F461D7006B4492 /* Products */;
			projectDirPath = "";
			projectRoot = "";
			targets = (
				8BF785E919F461D7006B4492 /* YouOweMe */,
				8BF785FE19F461D7006B4492 /* YouOweMeTests */,
			);
		};
/* End PBXProject section */

/* Begin PBXResourcesBuildPhase section */
		8BF785E819F461D7006B4492 /* Resources */ = {
			isa = PBXResourcesBuildPhase;
			buildActionMask = 2147483647;
			files = (
				8BF7861019F48A1B006B4492 /* wallhaven-8987.jpg in Resources */,
				8BF785F519F461D7006B4492 /* Main.storyboard in Resources */,
				8BF785FA19F461D7006B4492 /* LaunchScreen.xib in Resources */,
				8BF785F719F461D7006B4492 /* Images.xcassets in Resources */,
			);
			runOnlyForDeploymentPostprocessing = 0;
		};
		8BF785FD19F461D7006B4492 /* Resources */ = {
			isa = PBXResourcesBuildPhase;
			buildActionMask = 2147483647;
			files = (
			);
			runOnlyForDeploymentPostprocessing = 0;
		};
/* End PBXResourcesBuildPhase section */

/* Begin PBXSourcesBuildPhase section */
		8BF785E619F461D7006B4492 /* Sources */ = {
			isa = PBXSourcesBuildPhase;
			buildActionMask = 2147483647;
			files = (
				8BF785F219F461D7006B4492 /* ViewController.swift in Sources */,
				8BF785F019F461D7006B4492 /* AppDelegate.swift in Sources */,
			);
			runOnlyForDeploymentPostprocessing = 0;
		};
		8BF785FB19F461D7006B4492 /* Sources */ = {
			isa = PBXSourcesBuildPhase;
			buildActionMask = 2147483647;
			files = (
				8BF7860619F461D7006B4492 /* YouOweMeTests.swift in Sources */,
			);
			runOnlyForDeploymentPostprocessing = 0;
		};
/* End PBXSourcesBuildPhase section */

/* Begin PBXTargetDependency section */
		8BF7860119F461D7006B4492 /* PBXTargetDependency */ = {
			isa = PBXTargetDependency;
			target = 8BF785E919F461D7006B4492 /* YouOweMe */;
			targetProxy = 8BF7860019F461D7006B4492 /* PBXContainerItemProxy */;
		};
/* End PBXTargetDependency section */

/* Begin PBXVariantGroup section */
		8BF785F319F461D7006B4492 /* Main.storyboard */ = {
			isa = PBXVariantGroup;
			children = (
				8BF785F419F461D7006B4492 /* Base */,
			);
			name = Main.storyboard;
			sourceTree = "<group>";
		};
		8BF785F819F461D7006B4492 /* LaunchScreen.xib */ = {
			isa = PBXVariantGroup;
			children = (
				8BF785F919F461D7006B4492 /* Base */,
			);
			name = LaunchScreen.xib;
			sourceTree = "<group>";
		};
/* End PBXVariantGroup section */

/* Begin XCBuildConfiguration section */
		8BF7860719F461D7006B4492 /* Debug */ = {
			isa = XCBuildConfiguration;
			buildSettings = {
				ALWAYS_SEARCH_USER_PATHS = NO;
				CLANG_CXX_LANGUAGE_STANDARD = "gnu++0x";
				CLANG_CXX_LIBRARY = "libc++";
				CLANG_ENABLE_MODULES = YES;
				CLANG_ENABLE_OBJC_ARC = YES;
				CLANG_WARN_BOOL_CONVERSION = YES;
				CLANG_WARN_CONSTANT_CONVERSION = YES;
				CLANG_WARN_DIRECT_OBJC_ISA_USAGE = YES_ERROR;
				CLANG_WARN_EMPTY_BODY = YES;
				CLANG_WARN_ENUM_CONVERSION = YES;
				CLANG_WARN_INT_CONVERSION = YES;
				CLANG_WARN_OBJC_ROOT_CLASS = YES_ERROR;
				CLANG_WARN_UNREACHABLE_CODE = YES;
				CLANG_WARN__DUPLICATE_METHOD_MATCH = YES;
				"CODE_SIGN_IDENTITY[sdk=iphoneos*]" = "iPhone Developer";
				COPY_PHASE_STRIP = NO;
				ENABLE_STRICT_OBJC_MSGSEND = YES;
				GCC_C_LANGUAGE_STANDARD = gnu99;
				GCC_DYNAMIC_NO_PIC = NO;
				GCC_OPTIMIZATION_LEVEL = 0;
				GCC_PREPROCESSOR_DEFINITIONS = (
					"DEBUG=1",
					"$(inherited)",
				);
				GCC_SYMBOLS_PRIVATE_EXTERN = NO;
				GCC_WARN_64_TO_32_BIT_CONVERSION = YES;
				GCC_WARN_ABOUT_RETURN_TYPE = YES_ERROR;
				GCC_WARN_UNDECLARED_SELECTOR = YES;
				GCC_WARN_UNINITIALIZED_AUTOS = YES_AGGRESSIVE;
				GCC_WARN_UNUSED_FUNCTION = YES;
				GCC_WARN_UNUSED_VARIABLE = YES;
				IPHONEOS_DEPLOYMENT_TARGET = 8.0;
				MTL_ENABLE_DEBUG_INFO = YES;
				ONLY_ACTIVE_ARCH = YES;
				SDKROOT = iphoneos;
				SWIFT_OPTIMIZATION_LEVEL = "-Onone";
				TARGETED_DEVICE_FAMILY = "1,2";
			};
			name = Debug;
		};
		8BF7860819F461D7006B4492 /* Release */ = {
			isa = XCBuildConfiguration;
			buildSettings = {
				ALWAYS_SEARCH_USER_PATHS = NO;
				CLANG_CXX_LANGUAGE_STANDARD = "gnu++0x";
				CLANG_CXX_LIBRARY = "libc++";
				CLANG_ENABLE_MODULES = YES;
				CLANG_ENABLE_OBJC_ARC = YES;
				CLANG_WARN_BOOL_CONVERSION = YES;
				CLANG_WARN_CONSTANT_CONVERSION = YES;
				CLANG_WARN_DIRECT_OBJC_ISA_USAGE = YES_ERROR;
				CLANG_WARN_EMPTY_BODY = YES;
				CLANG_WARN_ENUM_CONVERSION = YES;
				CLANG_WARN_INT_CONVERSION = YES;
				CLANG_WARN_OBJC_ROOT_CLASS = YES_ERROR;
				CLANG_WARN_UNREACHABLE_CODE = YES;
				CLANG_WARN__DUPLICATE_METHOD_MATCH = YES;
				"CODE_SIGN_IDENTITY[sdk=iphoneos*]" = "iPhone Developer";
				COPY_PHASE_STRIP = YES;
				ENABLE_NS_ASSERTIONS = NO;
				ENABLE_STRICT_OBJC_MSGSEND = YES;
				GCC_C_LANGUAGE_STANDARD = gnu99;
				GCC_WARN_64_TO_32_BIT_CONVERSION = YES;
				GCC_WARN_ABOUT_RETURN_TYPE = YES_ERROR;
				GCC_WARN_UNDECLARED_SELECTOR = YES;
				GCC_WARN_UNINITIALIZED_AUTOS = YES_AGGRESSIVE;
				GCC_WARN_UNUSED_FUNCTION = YES;
				GCC_WARN_UNUSED_VARIABLE = YES;
				IPHONEOS_DEPLOYMENT_TARGET = 8.0;
				MTL_ENABLE_DEBUG_INFO = NO;
				SDKROOT = iphoneos;
				TARGETED_DEVICE_FAMILY = "1,2";
				VALIDATE_PRODUCT = YES;
			};
			name = Release;
		};
		8BF7860A19F461D7006B4492 /* Debug */ = {
			isa = XCBuildConfiguration;
			buildSettings = {
				ASSETCATALOG_COMPILER_APPICON_NAME = AppIcon;
				INFOPLIST_FILE = YouOweMe/Info.plist;
				LD_RUNPATH_SEARCH_PATHS = "$(inherited) @executable_path/Frameworks";
				PRODUCT_NAME = "$(TARGET_NAME)";
			};
			name = Debug;
		};
		8BF7860B19F461D7006B4492 /* Release */ = {
			isa = XCBuildConfiguration;
			buildSettings = {
				ASSETCATALOG_COMPILER_APPICON_NAME = AppIcon;
				INFOPLIST_FILE = YouOweMe/Info.plist;
				LD_RUNPATH_SEARCH_PATHS = "$(inherited) @executable_path/Frameworks";
				PRODUCT_NAME = "$(TARGET_NAME)";
			};
			name = Release;
		};
		8BF7860D19F461D7006B4492 /* Debug */ = {
			isa = XCBuildConfiguration;
			buildSettings = {
				BUNDLE_LOADER = "$(TEST_HOST)";
				FRAMEWORK_SEARCH_PATHS = (
					"$(SDKROOT)/Developer/Library/Frameworks",
					"$(inherited)",
				);
				GCC_PREPROCESSOR_DEFINITIONS = (
					"DEBUG=1",
					"$(inherited)",
				);
				INFOPLIST_FILE = YouOweMeTests/Info.plist;
				LD_RUNPATH_SEARCH_PATHS = "$(inherited) @executable_path/Frameworks @loader_path/Frameworks";
				PRODUCT_NAME = "$(TARGET_NAME)";
				TEST_HOST = "$(BUILT_PRODUCTS_DIR)/YouOweMe.app/YouOweMe";
			};
			name = Debug;
		};
		8BF7860E19F461D7006B4492 /* Release */ = {
			isa = XCBuildConfiguration;
			buildSettings = {
				BUNDLE_LOADER = "$(TEST_HOST)";
				FRAMEWORK_SEARCH_PATHS = (
					"$(SDKROOT)/Developer/Library/Frameworks",
					"$(inherited)",
				);
				INFOPLIST_FILE = YouOweMeTests/Info.plist;
				LD_RUNPATH_SEARCH_PATHS = "$(inherited) @executable_path/Frameworks @loader_path/Frameworks";
				PRODUCT_NAME = "$(TARGET_NAME)";
				TEST_HOST = "$(BUILT_PRODUCTS_DIR)/YouOweMe.app/YouOweMe";
			};
			name = Release;
		};
/* End XCBuildConfiguration section */

/* Begin XCConfigurationList section */
		8BF785E519F461D7006B4492 /* Build configuration list for PBXProject "YouOweMe" */ = {
			isa = XCConfigurationList;
			buildConfigurations = (
				8BF7860719F461D7006B4492 /* Debug */,
				8BF7860819F461D7006B4492 /* Release */,
			);
			defaultConfigurationIsVisible = 0;
			defaultConfigurationName = Release;
		};
		8BF7860919F461D7006B4492 /* Build configuration list for PBXNativeTarget "YouOweMe" */ = {
			isa = XCConfigurationList;
			buildConfigurations = (
				8BF7860A19F461D7006B4492 /* Debug */,
				8BF7860B19F461D7006B4492 /* Release */,
			);
			defaultConfigurationIsVisible = 0;
		};
		8BF7860C19F461D7006B4492 /* Build configuration list for PBXNativeTarget "YouOweMeTests" */ = {
			isa = XCConfigurationList;
			buildConfigurations = (
				8BF7860D19F461D7006B4492 /* Debug */,
				8BF7860E19F461D7006B4492 /* Release */,
			);
			defaultConfigurationIsVisible = 0;
		};
/* End XCConfigurationList section */
	};
	rootObject = 8BF785E219F461D7006B4492 /* Project object */;
}
